
Microsoft Visual Studio Solution File, Format Version 12.00
# Visual Studio Version 17
VisualStudioVersion = 17.4.33110.190
MinimumVisualStudioVersion = 10.0.40219.1
Project("{FAE04EC0-301F-11D3-BF4B-00C04F79EFBC}") = "LINQ Contains Method", "LINQ Contains Method\LINQ Contains Method.csproj", "{4D75310B-9B6B-45C4-8120-74B3A77475BE}"
EndProject
Global
	GlobalSection(SolutionConfigurationPlatforms) = preSolution
		Debug|Any CPU = Debug|Any CPU
		Release|Any CPU = Release|Any CPU
	EndGlobalSection
	GlobalSection(ProjectConfigurationPlatforms) = postSolution
		{4D75310B-9B6B-45C4-8120-74B3A77475BE}.Debug|Any CPU.ActiveCfg = Debug|Any CPU
		{4D75310B-9B6B-45C4-8120-74B3A77475BE}.Debug|Any CPU.Build.0 = Debug|Any CPU
		{4D75310B-9B6B-45C4-8120-74B3A77475BE}.Release|Any CPU.ActiveCfg = Release|Any CPU
		{4D75310B-9B6B-45C4-8120-74B3A77475BE}.Release|Any CPU.Build.0 = Release|Any CPU
	EndGlobalSection
	GlobalSection(SolutionProperties) = preSolution
		HideSolutionNode = FALSE
	EndGlobalSection
	GlobalSection(ExtensibilityGlobals) = postSolution
		SolutionGuid = {3FF1D3C3-2ADD-4382-8733-EB0A62B41F1C}
	EndGlobalSection
EndGlobal
