
Microsoft Visual Studio Solution File, Format Version 12.00
# Visual Studio Version 17
VisualStudioVersion = 17.4.33110.190
MinimumVisualStudioVersion = 10.0.40219.1
Project("{FAE04EC0-301F-11D3-BF4B-00C04F79EFBC}") = "LINQ Sum Method", "LINQ Sum Method\LINQ Sum Method.csproj", "{5C9F416E-56D7-4A4E-A5EE-71862341A0CA}"
EndProject
Global
	GlobalSection(SolutionConfigurationPlatforms) = preSolution
		Debug|Any CPU = Debug|Any CPU
		Release|Any CPU = Release|Any CPU
	EndGlobalSection
	GlobalSection(ProjectConfigurationPlatforms) = postSolution
		{5C9F416E-56D7-4A4E-A5EE-71862341A0CA}.Debug|Any CPU.ActiveCfg = Debug|Any CPU
		{5C9F416E-56D7-4A4E-A5EE-71862341A0CA}.Debug|Any CPU.Build.0 = Debug|Any CPU
		{5C9F416E-56D7-4A4E-A5EE-71862341A0CA}.Release|Any CPU.ActiveCfg = Release|Any CPU
		{5C9F416E-56D7-4A4E-A5EE-71862341A0CA}.Release|Any CPU.Build.0 = Release|Any CPU
	EndGlobalSection
	GlobalSection(SolutionProperties) = preSolution
		HideSolutionNode = FALSE
	EndGlobalSection
	GlobalSection(ExtensibilityGlobals) = postSolution
		SolutionGuid = {2290205A-A686-4BD3-B447-64475102C1B5}
	EndGlobalSection
EndGlobal
