
Microsoft Visual Studio Solution File, Format Version 12.00
# Visual Studio Version 17
VisualStudioVersion = 17.4.33110.190
MinimumVisualStudioVersion = 10.0.40219.1
Project("{FAE04EC0-301F-11D3-BF4B-00C04F79EFBC}") = "Empty Method", "Empty Method\Empty Method.csproj", "{7AEA080A-D9A2-45D5-849F-C4E4A6C63507}"
EndProject
Global
	GlobalSection(SolutionConfigurationPlatforms) = preSolution
		Debug|Any CPU = Debug|Any CPU
		Release|Any CPU = Release|Any CPU
	EndGlobalSection
	GlobalSection(ProjectConfigurationPlatforms) = postSolution
		{7AEA080A-D9A2-45D5-849F-C4E4A6C63507}.Debug|Any CPU.ActiveCfg = Debug|Any CPU
		{7AEA080A-D9A2-45D5-849F-C4E4A6C63507}.Debug|Any CPU.Build.0 = Debug|Any CPU
		{7AEA080A-D9A2-45D5-849F-C4E4A6C63507}.Release|Any CPU.ActiveCfg = Release|Any CPU
		{7AEA080A-D9A2-45D5-849F-C4E4A6C63507}.Release|Any CPU.Build.0 = Release|Any CPU
	EndGlobalSection
	GlobalSection(SolutionProperties) = preSolution
		HideSolutionNode = FALSE
	EndGlobalSection
	GlobalSection(ExtensibilityGlobals) = postSolution
		SolutionGuid = {1329744A-D2E9-4D4C-A820-C28417C8B6E0}
	EndGlobalSection
EndGlobal
