
Microsoft Visual Studio Solution File, Format Version 12.00
# Visual Studio Version 17
VisualStudioVersion = 17.4.33110.190
MinimumVisualStudioVersion = 10.0.40219.1
Project("{FAE04EC0-301F-11D3-BF4B-00C04F79EFBC}") = "LINQ OrderBy Method", "LINQ OrderBy Method\LINQ OrderBy Method.csproj", "{CF51275F-6F5B-4E4D-95E4-7CFD2D6C82C7}"
EndProject
Global
	GlobalSection(SolutionConfigurationPlatforms) = preSolution
		Debug|Any CPU = Debug|Any CPU
		Release|Any CPU = Release|Any CPU
	EndGlobalSection
	GlobalSection(ProjectConfigurationPlatforms) = postSolution
		{CF51275F-6F5B-4E4D-95E4-7CFD2D6C82C7}.Debug|Any CPU.ActiveCfg = Debug|Any CPU
		{CF51275F-6F5B-4E4D-95E4-7CFD2D6C82C7}.Debug|Any CPU.Build.0 = Debug|Any CPU
		{CF51275F-6F5B-4E4D-95E4-7CFD2D6C82C7}.Release|Any CPU.ActiveCfg = Release|Any CPU
		{CF51275F-6F5B-4E4D-95E4-7CFD2D6C82C7}.Release|Any CPU.Build.0 = Release|Any CPU
	EndGlobalSection
	GlobalSection(SolutionProperties) = preSolution
		HideSolutionNode = FALSE
	EndGlobalSection
	GlobalSection(ExtensibilityGlobals) = postSolution
		SolutionGuid = {C9A8E292-EC57-4B47-B10B-3E5A78558926}
	EndGlobalSection
EndGlobal
