
Microsoft Visual Studio Solution File, Format Version 12.00
# Visual Studio Version 17
VisualStudioVersion = 17.4.33110.190
MinimumVisualStudioVersion = 10.0.40219.1
Project("{FAE04EC0-301F-11D3-BF4B-00C04F79EFBC}") = "LINQ Union Method", "LINQ Union Method\LINQ Union Method.csproj", "{7A2277AD-46D0-4B93-831C-6531FD601313}"
EndProject
Global
	GlobalSection(SolutionConfigurationPlatforms) = preSolution
		Debug|Any CPU = Debug|Any CPU
		Release|Any CPU = Release|Any CPU
	EndGlobalSection
	GlobalSection(ProjectConfigurationPlatforms) = postSolution
		{7A2277AD-46D0-4B93-831C-6531FD601313}.Debug|Any CPU.ActiveCfg = Debug|Any CPU
		{7A2277AD-46D0-4B93-831C-6531FD601313}.Debug|Any CPU.Build.0 = Debug|Any CPU
		{7A2277AD-46D0-4B93-831C-6531FD601313}.Release|Any CPU.ActiveCfg = Release|Any CPU
		{7A2277AD-46D0-4B93-831C-6531FD601313}.Release|Any CPU.Build.0 = Release|Any CPU
	EndGlobalSection
	GlobalSection(SolutionProperties) = preSolution
		HideSolutionNode = FALSE
	EndGlobalSection
	GlobalSection(ExtensibilityGlobals) = postSolution
		SolutionGuid = {93A34102-0A79-4269-A4BF-0C4BC9694CA5}
	EndGlobalSection
EndGlobal
