
Microsoft Visual Studio Solution File, Format Version 12.00
# Visual Studio Version 17
VisualStudioVersion = 17.4.33110.190
MinimumVisualStudioVersion = 10.0.40219.1
Project("{FAE04EC0-301F-11D3-BF4B-00C04F79EFBC}") = "LINQ Cast Method", "LINQ Cast Method\LINQ Cast Method.csproj", "{1B1544DD-5DA6-49BE-8CB6-D73BF3D9F647}"
EndProject
Global
	GlobalSection(SolutionConfigurationPlatforms) = preSolution
		Debug|Any CPU = Debug|Any CPU
		Release|Any CPU = Release|Any CPU
	EndGlobalSection
	GlobalSection(ProjectConfigurationPlatforms) = postSolution
		{1B1544DD-5DA6-49BE-8CB6-D73BF3D9F647}.Debug|Any CPU.ActiveCfg = Debug|Any CPU
		{1B1544DD-5DA6-49BE-8CB6-D73BF3D9F647}.Debug|Any CPU.Build.0 = Debug|Any CPU
		{1B1544DD-5DA6-49BE-8CB6-D73BF3D9F647}.Release|Any CPU.ActiveCfg = Release|Any CPU
		{1B1544DD-5DA6-49BE-8CB6-D73BF3D9F647}.Release|Any CPU.Build.0 = Release|Any CPU
	EndGlobalSection
	GlobalSection(SolutionProperties) = preSolution
		HideSolutionNode = FALSE
	EndGlobalSection
	GlobalSection(ExtensibilityGlobals) = postSolution
		SolutionGuid = {BF523B3A-6872-46DE-9B89-F594AB79CD62}
	EndGlobalSection
EndGlobal
