
Microsoft Visual Studio Solution File, Format Version 12.00
# Visual Studio Version 17
VisualStudioVersion = 17.4.33110.190
MinimumVisualStudioVersion = 10.0.40219.1
Project("{FAE04EC0-301F-11D3-BF4B-00C04F79EFBC}") = "IEnumerable and IQueryable", "IEnumerable and IQueryable\IEnumerable and IQueryable.csproj", "{3FBB8EE9-CCAE-4836-9008-1C470C3801D5}"
EndProject
Global
	GlobalSection(SolutionConfigurationPlatforms) = preSolution
		Debug|Any CPU = Debug|Any CPU
		Release|Any CPU = Release|Any CPU
	EndGlobalSection
	GlobalSection(ProjectConfigurationPlatforms) = postSolution
		{3FBB8EE9-CCAE-4836-9008-1C470C3801D5}.Debug|Any CPU.ActiveCfg = Debug|Any CPU
		{3FBB8EE9-CCAE-4836-9008-1C470C3801D5}.Debug|Any CPU.Build.0 = Debug|Any CPU
		{3FBB8EE9-CCAE-4836-9008-1C470C3801D5}.Release|Any CPU.ActiveCfg = Release|Any CPU
		{3FBB8EE9-CCAE-4836-9008-1C470C3801D5}.Release|Any CPU.Build.0 = Release|Any CPU
	EndGlobalSection
	GlobalSection(SolutionProperties) = preSolution
		HideSolutionNode = FALSE
	EndGlobalSection
	GlobalSection(ExtensibilityGlobals) = postSolution
		SolutionGuid = {E67D4F75-A058-4887-B232-B0617E870289}
	EndGlobalSection
EndGlobal
